// !$*UTF8*$!
{
	archiveVersion = 1;
	classes = {
	};
	objectVersion = 46;
	objects = {

/* Begin PBXBuildFile section */
		6ACC7FC41C9B9D4B00744263 /* main.cpp in Sources */ = {isa = PBXBuildFile; fileRef = 6ACC7FC31C9B9D4B00744263 /* main.cpp */; };
/* End PBXBuildFile section */

/* Begin PBXCopyFilesBuildPhase section */
		6ACC7FBE1C9B9D4B00744263 /* CopyFiles */ = {
			isa = PBXCopyFilesBuildPhase;
			buildActionMask = 2147483647;
			dstPath = /usr/share/man/man1/;
			dstSubfolderSpec = 0;
			files = (
			);
			runOnlyForDeploymentPostprocessing = 1;
		};
/* End PBXCopyFilesBuildPhase section */

/* Begin PBXFileReference section */
		6ACC7FC01C9B9D4B00744263 /* RSA_Algorithm_Numbers */ = {isa = PBXFileReference; explicitFileType = "compiled.mach-o.executable"; includeInIndex = 0; path = RSA_Algorithm_Numbers; sourceTree = BUILT_PRODUCTS_DIR; };
		6ACC7FC31C9B9D4B00744263 /* main.cpp */ = {isa = PBXFileReference; lastKnownFileType = sourcecode.cpp.cpp; path = main.cpp; sourceTree = "<group>"; };
		6ACC7FCA1C9BB2D800744263 /* functions.h */ = {isa = PBXFileReference; lastKnownFileType = sourcecode.c.h; path = functions.h; sourceTree = "<group>"; };
/* End PBXFileReference section */

/* Begin PBXFrameworksBuildPhase section */
		6ACC7FBD1C9B9D4B00744263 /* Frameworks */ = {
			isa = PBXFrameworksBuildPhase;
			buildActionMask = 2147483647;
			files = (
			);
			runOnlyForDeploymentPostprocessing = 0;
		};
/* End PBXFrameworksBuildPhase section */

/* Begin PBXGroup section */
		6ACC7FB71C9B9D4B00744263 = {
			isa = PBXGroup;
			children = (
				6ACC7FC21C9B9D4B00744263 /* RSA_Algorithm_Numbers */,
				6ACC7FC11C9B9D4B00744263 /* Products */,
			);
			sourceTree = "<group>";
		};
		6ACC7FC11C9B9D4B00744263 /* Products */ = {
			isa = PBXGroup;
			children = (
				6ACC7FC01C9B9D4B00744263 /* RSA_Algorithm_Numbers */,
			);
			name = Products;
			sourceTree = "<group>";
		};
		6ACC7FC21C9B9D4B00744263 /* RSA_Algorithm_Numbers */ = {
			isa = PBXGroup;
			children = (
				6ACC7FC31C9B9D4B00744263 /* main.cpp */,
				6ACC7FCA1C9BB2D800744263 /* functions.h */,
			);
			path = RSA_Algorithm_Numbers;
			sourceTree = "<group>";
		};
/* End PBXGroup section */

/* Begin PBXNativeTarget section */
		6ACC7FBF1C9B9D4B00744263 /* RSA_Algorithm_Numbers */ = {
			isa = PBXNativeTarget;
			buildConfigurationList = 6ACC7FC71C9B9D4B00744263 /* Build configuration list for PBXNativeTarget "RSA_Algorithm_Numbers" */;
			buildPhases = (
				6ACC7FBC1C9B9D4B00744263 /* Sources */,
				6ACC7FBD1C9B9D4B00744263 /* Frameworks */,
				6ACC7FBE1C9B9D4B00744263 /* CopyFiles */,
			);
			buildRules = (
			);
			dependencies = (
			);
			name = RSA_Algorithm_Numbers;
			productName = RSA_Algorithm_Numbers;
			productReference = 6ACC7FC01C9B9D4B00744263 /* RSA_Algorithm_Numbers */;
			productType = "com.apple.product-type.tool";
		};
/* End PBXNativeTarget section */

/* Begin PBXProject section */
		6ACC7FB81C9B9D4B00744263 /* Project object */ = {
			isa = PBXProject;
			attributes = {
				LastUpgradeCheck = 0720;
				ORGANIZATIONNAME = CSCI412;
				TargetAttributes = {
					6ACC7FBF1C9B9D4B00744263 = {
						CreatedOnToolsVersion = 7.2.1;
					};
				};
			};
			buildConfigurationList = 6ACC7FBB1C9B9D4B00744263 /* Build configuration list for PBXProject "RSA_Algorithm_Numbers" */;
			compatibilityVersion = "Xcode 3.2";
			developmentRegion = English;
			hasScannedForEncodings = 0;
			knownRegions = (
				en,
			);
			mainGroup = 6ACC7FB71C9B9D4B00744263;
			productRefGroup = 6ACC7FC11C9B9D4B00744263 /* Products */;
			projectDirPath = "";
			projectRoot = "";
			targets = (
				6ACC7FBF1C9B9D4B00744263 /* RSA_Algorithm_Numbers */,
			);
		};
/* End PBXProject section */

/* Begin PBXSourcesBuildPhase section */
		6ACC7FBC1C9B9D4B00744263 /* Sources */ = {
			isa = PBXSourcesBuildPhase;
			buildActionMask = 2147483647;
			files = (
				6ACC7FC41C9B9D4B00744263 /* main.cpp in Sources */,
			);
			runOnlyForDeploymentPostprocessing = 0;
		};
/* End PBXSourcesBuildPhase section */

/* Begin XCBuildConfiguration section */
		6ACC7FC51C9B9D4B00744263 /* Debug */ = {
			isa = XCBuildConfiguration;
			buildSettings = {
				ALWAYS_SEARCH_USER_PATHS = NO;
				CLANG_CXX_LANGUAGE_STANDARD = "gnu++0x";
				CLANG_CXX_LIBRARY = "libc++";
				CLANG_ENABLE_MODULES = YES;
				CLANG_ENABLE_OBJC_ARC = YES;
				CLANG_WARN_BOOL_CONVERSION = YES;
				CLANG_WARN_CONSTANT_CONVERSION = YES;
				CLANG_WARN_DIRECT_OBJC_ISA_USAGE = YES_ERROR;
				CLANG_WARN_EMPTY_BODY = YES;
				CLANG_WARN_ENUM_CONVERSION = YES;
				CLANG_WARN_INT_CONVERSION = YES;
				CLANG_WARN_OBJC_ROOT_CLASS = YES_ERROR;
				CLANG_WARN_UNREACHABLE_CODE = YES;
				CLANG_WARN__DUPLICATE_METHOD_MATCH = YES;
				CODE_SIGN_IDENTITY = "-";
				COPY_PHASE_STRIP = NO;
				DEBUG_INFORMATION_FORMAT = dwarf;
				ENABLE_STRICT_OBJC_MSGSEND = YES;
				ENABLE_TESTABILITY = YES;
				GCC_C_LANGUAGE_STANDARD = gnu99;
				GCC_DYNAMIC_NO_PIC = NO;
				GCC_NO_COMMON_BLOCKS = YES;
				GCC_OPTIMIZATION_LEVEL = 0;
				GCC_PREPROCESSOR_DEFINITIONS = (
					"DEBUG=1",
					"$(inherited)",
				);
				GCC_WARN_64_TO_32_BIT_CONVERSION = YES;
				GCC_WARN_ABOUT_RETURN_TYPE = YES_ERROR;
				GCC_WARN_UNDECLARED_SELECTOR = YES;
				GCC_WARN_UNINITIALIZED_AUTOS = YES_AGGRESSIVE;
				GCC_WARN_UNUSED_FUNCTION = YES;
				GCC_WARN_UNUSED_VARIABLE = YES;
				MACOSX_DEPLOYMENT_TARGET = 10.11;
				MTL_ENABLE_DEBUG_INFO = YES;
				ONLY_ACTIVE_ARCH = YES;
				SDKROOT = macosx;
			};
			name = Debug;
		};
		6ACC7FC61C9B9D4B00744263 /* Release */ = {
			isa = XCBuildConfiguration;
			buildSettings = {
				ALWAYS_SEARCH_USER_PATHS = NO;
				CLANG_CXX_LANGUAGE_STANDARD = "gnu++0x";
				CLANG_CXX_LIBRARY = "libc++";
				CLANG_ENABLE_MODULES = YES;
				CLANG_ENABLE_OBJC_ARC = YES;
				CLANG_WARN_BOOL_CONVERSION = YES;
				CLANG_WARN_CONSTANT_CONVERSION = YES;
				CLANG_WARN_DIRECT_OBJC_ISA_USAGE = YES_ERROR;
				CLANG_WARN_EMPTY_BODY = YES;
				CLANG_WARN_ENUM_CONVERSION = YES;
				CLANG_WARN_INT_CONVERSION = YES;
				CLANG_WARN_OBJC_ROOT_CLASS = YES_ERROR;
				CLANG_WARN_UNREACHABLE_CODE = YES;
				CLANG_WARN__DUPLICATE_METHOD_MATCH = YES;
				CODE_SIGN_IDENTITY = "-";
				COPY_PHASE_STRIP = NO;
				DEBUG_INFORMATION_FORMAT = "dwarf-with-dsym";
				ENABLE_NS_ASSERTIONS = NO;
				ENABLE_STRICT_OBJC_MSGSEND = YES;
				GCC_C_LANGUAGE_STANDARD = gnu99;
				GCC_NO_COMMON_BLOCKS = YES;
				GCC_WARN_64_TO_32_BIT_CONVERSION = YES;
				GCC_WARN_ABOUT_RETURN_TYPE = YES_ERROR;
				GCC_WARN_UNDECLARED_SELECTOR = YES;
				GCC_WARN_UNINITIALIZED_AUTOS = YES_AGGRESSIVE;
				GCC_WARN_UNUSED_FUNCTION = YES;
				GCC_WARN_UNUSED_VARIABLE = YES;
				MACOSX_DEPLOYMENT_TARGET = 10.11;
				MTL_ENABLE_DEBUG_INFO = NO;
				SDKROOT = macosx;
			};
			name = Release;
		};
		6ACC7FC81C9B9D4B00744263 /* Debug */ = {
			isa = XCBuildConfiguration;
			buildSettings = {
				PRODUCT_NAME = "$(TARGET_NAME)";
			};
			name = Debug;
		};
		6ACC7FC91C9B9D4B00744263 /* Release */ = {
			isa = XCBuildConfiguration;
			buildSettings = {
				PRODUCT_NAME = "$(TARGET_NAME)";
			};
			name = Release;
		};
/* End XCBuildConfiguration section */

/* Begin XCConfigurationList section */
		6ACC7FBB1C9B9D4B00744263 /* Build configuration list for PBXProject "RSA_Algorithm_Numbers" */ = {
			isa = XCConfigurationList;
			buildConfigurations = (
				6ACC7FC51C9B9D4B00744263 /* Debug */,
				6ACC7FC61C9B9D4B00744263 /* Release */,
			);
			defaultConfigurationIsVisible = 0;
			defaultConfigurationName = Release;
		};
		6ACC7FC71C9B9D4B00744263 /* Build configuration list for PBXNativeTarget "RSA_Algorithm_Numbers" */ = {
			isa = XCConfigurationList;
			buildConfigurations = (
				6ACC7FC81C9B9D4B00744263 /* Debug */,
				6ACC7FC91C9B9D4B00744263 /* Release */,
			);
			defaultConfigurationIsVisible = 0;
		};
/* End XCConfigurationList section */
	};
	rootObject = 6ACC7FB81C9B9D4B00744263 /* Project object */;
}
